
Microsoft Visual Studio Solution File, Format Version 12.00
# Visual Studio Version 17
VisualStudioVersion = 17.10.35122.118
MinimumVisualStudioVersion = 10.0.40219.1
Project("{8BC9CEB8-8B4A-11D0-8D11-00A0C91BC942}") = "Liar_Jump", "Liar_Jump.vcxproj", "{B27AB1F4-3C2D-4F3C-B231-8AAB261B3A70}"
EndProject
Global
	GlobalSection(SolutionConfigurationPlatforms) = preSolution
		Debug|x64 = Debug|x64
		Debug|x86 = Debug|x86
		Release|x64 = Release|x64
		Release|x86 = Release|x86
	EndGlobalSection
	GlobalSection(ProjectConfigurationPlatforms) = postSolution
		{B27AB1F4-3C2D-4F3C-B231-8AAB261B3A70}.Debug|x64.ActiveCfg = Debug|x64
		{B27AB1F4-3C2D-4F3C-B231-8AAB261B3A70}.Debug|x64.Build.0 = Debug|x64
		{B27AB1F4-3C2D-4F3C-B231-8AAB261B3A70}.Debug|x86.ActiveCfg = Debug|Win32
		{B27AB1F4-3C2D-4F3C-B231-8AAB261B3A70}.Debug|x86.Build.0 = Debug|Win32
		{B27AB1F4-3C2D-4F3C-B231-8AAB261B3A70}.Release|x64.ActiveCfg = Release|x64
		{B27AB1F4-3C2D-4F3C-B231-8AAB261B3A70}.Release|x64.Build.0 = Release|x64
		{B27AB1F4-3C2D-4F3C-B231-8AAB261B3A70}.Release|x86.ActiveCfg = Release|Win32
		{B27AB1F4-3C2D-4F3C-B231-8AAB261B3A70}.Release|x86.Build.0 = Release|Win32
	EndGlobalSection
	GlobalSection(SolutionProperties) = preSolution
		HideSolutionNode = FALSE
	EndGlobalSection
	GlobalSection(ExtensibilityGlobals) = postSolution
		SolutionGuid = {BE5EC0F4-8357-4CCB-9542-4754B52331C4}
	EndGlobalSection
EndGlobal
